
Microsoft Visual Studio Solution File, Format Version 12.00
# Visual Studio Version 16
VisualStudioVersion = 16.0.31229.75
MinimumVisualStudioVersion = 10.0.40219.1
Project("{8BC9CEB8-8B4A-11D0-8D11-00A0C91BC942}") = "pygml", "pygml\pygml.vcxproj", "{C2952C1D-5C27-410B-9E1F-1756C406FFEE}"
EndProject
Global
	GlobalSection(SolutionConfigurationPlatforms) = preSolution
		Debug|x64 = Debug|x64
		Debug|x86 = Debug|x86
		Release|x64 = Release|x64
		Release|x86 = Release|x86
	EndGlobalSection
	GlobalSection(ProjectConfigurationPlatforms) = postSolution
		{C2952C1D-5C27-410B-9E1F-1756C406FFEE}.Debug|x64.ActiveCfg = Debug|x64
		{C2952C1D-5C27-410B-9E1F-1756C406FFEE}.Debug|x64.Build.0 = Debug|x64
		{C2952C1D-5C27-410B-9E1F-1756C406FFEE}.Debug|x86.ActiveCfg = Debug|Win32
		{C2952C1D-5C27-410B-9E1F-1756C406FFEE}.Debug|x86.Build.0 = Debug|Win32
		{C2952C1D-5C27-410B-9E1F-1756C406FFEE}.Release|x64.ActiveCfg = Release|x64
		{C2952C1D-5C27-410B-9E1F-1756C406FFEE}.Release|x64.Build.0 = Release|x64
		{C2952C1D-5C27-410B-9E1F-1756C406FFEE}.Release|x86.ActiveCfg = Release|Win32
		{C2952C1D-5C27-410B-9E1F-1756C406FFEE}.Release|x86.Build.0 = Release|Win32
	EndGlobalSection
	GlobalSection(SolutionProperties) = preSolution
		HideSolutionNode = FALSE
	EndGlobalSection
	GlobalSection(ExtensibilityGlobals) = postSolution
		SolutionGuid = {9DEB04C7-3889-42C9-A422-DEC430B375D6}
	EndGlobalSection
EndGlobal
